
Microsoft Visual Studio Solution File, Format Version 11.00
# Visual Studio 2010
Project("{FAE04EC0-301F-11D3-BF4B-00C04F79EFBC}") = "VirtualOrganization", "VirtualOrganization\VirtualOrganization.csproj", "{4A4B9189-6491-4AF7-9058-933BC7F0ABDE}"
EndProject
Project("{FAE04EC0-301F-11D3-BF4B-00C04F79EFBC}") = "DemonstrateVO", "DemonstrateVO\DemonstrateVO.csproj", "{15EDC588-74AC-459D-AC3B-2E2902D1B82F}"
EndProject
Global
	GlobalSection(SolutionConfigurationPlatforms) = preSolution
		Debug|Any CPU = Debug|Any CPU
		Debug|Mixed Platforms = Debug|Mixed Platforms
		Debug|x86 = Debug|x86
		Release|Any CPU = Release|Any CPU
		Release|Mixed Platforms = Release|Mixed Platforms
		Release|x86 = Release|x86
	EndGlobalSection
	GlobalSection(ProjectConfigurationPlatforms) = postSolution
		{4A4B9189-6491-4AF7-9058-933BC7F0ABDE}.Debug|Any CPU.ActiveCfg = Debug|Any CPU
		{4A4B9189-6491-4AF7-9058-933BC7F0ABDE}.Debug|Any CPU.Build.0 = Debug|Any CPU
		{4A4B9189-6491-4AF7-9058-933BC7F0ABDE}.Debug|Mixed Platforms.ActiveCfg = Debug|Any CPU
		{4A4B9189-6491-4AF7-9058-933BC7F0ABDE}.Debug|Mixed Platforms.Build.0 = Debug|Any CPU
		{4A4B9189-6491-4AF7-9058-933BC7F0ABDE}.Debug|x86.ActiveCfg = Debug|Any CPU
		{4A4B9189-6491-4AF7-9058-933BC7F0ABDE}.Release|Any CPU.ActiveCfg = Release|Any CPU
		{4A4B9189-6491-4AF7-9058-933BC7F0ABDE}.Release|Any CPU.Build.0 = Release|Any CPU
		{4A4B9189-6491-4AF7-9058-933BC7F0ABDE}.Release|Mixed Platforms.ActiveCfg = Release|Any CPU
		{4A4B9189-6491-4AF7-9058-933BC7F0ABDE}.Release|Mixed Platforms.Build.0 = Release|Any CPU
		{4A4B9189-6491-4AF7-9058-933BC7F0ABDE}.Release|x86.ActiveCfg = Release|Any CPU
		{15EDC588-74AC-459D-AC3B-2E2902D1B82F}.Debug|Any CPU.ActiveCfg = Debug|x86
		{15EDC588-74AC-459D-AC3B-2E2902D1B82F}.Debug|Mixed Platforms.ActiveCfg = Debug|x86
		{15EDC588-74AC-459D-AC3B-2E2902D1B82F}.Debug|Mixed Platforms.Build.0 = Debug|x86
		{15EDC588-74AC-459D-AC3B-2E2902D1B82F}.Debug|x86.ActiveCfg = Debug|x86
		{15EDC588-74AC-459D-AC3B-2E2902D1B82F}.Debug|x86.Build.0 = Debug|x86
		{15EDC588-74AC-459D-AC3B-2E2902D1B82F}.Release|Any CPU.ActiveCfg = Release|x86
		{15EDC588-74AC-459D-AC3B-2E2902D1B82F}.Release|Mixed Platforms.ActiveCfg = Release|x86
		{15EDC588-74AC-459D-AC3B-2E2902D1B82F}.Release|Mixed Platforms.Build.0 = Release|x86
		{15EDC588-74AC-459D-AC3B-2E2902D1B82F}.Release|x86.ActiveCfg = Release|x86
		{15EDC588-74AC-459D-AC3B-2E2902D1B82F}.Release|x86.Build.0 = Release|x86
	EndGlobalSection
	GlobalSection(SolutionProperties) = preSolution
		HideSolutionNode = FALSE
	EndGlobalSection
EndGlobal
